{
  "name": "cat",
  "version": "1.0.0",
  "lockfileVersion": 1,
  "requires": true,
  "dependencies": {
    "cat-age-calculator": {
      "version": "1.0.6",
      "resolved": "https://registry.npmjs.org/cat-age-calculator/-/cat-age-calculator-1.0.6.tgz",
      "integrity": "sha512-kBwu13GKBuRGUJGIlUNf8Irb9eqFUle7v0TK/y7TFH9FWvj0ILyYGsoylppcTj/2lfgyud0MmHSkY8x7FXQpCw=="
    },
    "mini.css": {
      "version": "3.0.1",
      "resolved": "https://registry.npmjs.org/mini.css/-/mini.css-3.0.1.tgz",
      "integrity": "sha512-FmuuBL0wuyDO1UA66TkAo8w2RxxuHmNPaUqUHcYlHtM9CJkrscQaNAJ/ParEahYFwtZOSgfEA7flbMoSPkzrPA=="
    }
  }
}
